hash: 93855c02770fa92bedb8a97173f34a3c8b2b7ea17f79cb857c0bb65eb710ef2f
updated: 2016-10-17T14:33:09.816143142+08:00
imports:
- name: bitbucket.org/ww/goautoneg
  version: 75cd24fc2f2c2a2088577d12123ddee5f54e0675
- name: github.com/beorn7/perks
  version: b965b613227fddccbfffe13eae360ed3fa822f8d
  subpackages:
  - quantile
- name: github.com/coreos/etcd
  version: 83347907774bf36cbb261c594a32fd7b0f5dd9f6
  subpackages:
  - etcdserver/stats
  - pkg/crc
  - pkg/fileutil
  - pkg/httputil
  - pkg/ioutil
  - pkg/logutil
  - pkg/pbutil
  - pkg/tlsutil
  - pkg/transport
  - pkg/types
  - raft
  - raft/raftpb
  - rafthttp
  - snap
  - snap/snappb
  - version
  - wal
  - wal/walpb
- name: github.com/coreos/go-semver
  version: 568e959cd89871e61434c1143528d9162da89ef2
  subpackages:
  - semver
- name: github.com/coreos/go-systemd
  version: bfdc81d0d7e0fb19447b08571f63b774495251ce
  subpackages:
  - daemon
  - journal
  - util
- name: github.com/coreos/pkg
  version: fa29b1d70f0beaddd4c7021607cc3c3be8ce94b8
  subpackages:
  - capnslog
- name: github.com/golang/protobuf
  version: 8616e8ee5e20a1704615e6c8d7afcdac06087a67
  subpackages:
  - jsonpb
  - proto
- name: github.com/matttproud/golang_protobuf_extensions
  version: fc2b8d3a73c4867e51861bbdd5ae3c1f0869dd6a
  subpackages:
  - pbutil
- name: github.com/prometheus/client_golang
  version: e51041b3fa41cece0dca035740ba6411905be473
  subpackages:
  - prometheus
- name: github.com/prometheus/client_model
  version: fa8ad6fec33561be4280a8f0514318c79d7f6cb6
  subpackages:
  - go
- name: github.com/prometheus/common
  version: ffe929a3f4c4faeaa10f2b9535c2b1be3ad15650
  subpackages:
  - expfmt
  - model
- name: github.com/prometheus/procfs
  version: 454a56f35412459b5e684fd5ec0f9211b94f002a
- name: github.com/xiang90/probing
  version: 07dd2e8dfe18522e9c447ba95f2fe95262f63bb2
- name: golang.org/x/net
  version: 6acef71eb69611914f7a30939ea9f6e194c78172
  subpackages:
  - context
  - http2
  - http2/hpack
  - internal/timeseries
  - trace
testImports: []
